// !$*UTF8*$!
{
	archiveVersion = 1;
	classes = {
	};
	objectVersion = 56;
	objects = {

/* Begin PBXBuildFile section */
		4C1FB2952AA9A26D009E4EE4 /* BallGuruApp.swift in Sources */ = {isa = PBXBuildFile; fileRef = 4C1FB2942AA9A26D009E4EE4 /* BallGuruApp.swift */; };
		4C1FB2972AA9A26D009E4EE4 /* ContentView.swift in Sources */ = {isa = PBXBuildFile; fileRef = 4C1FB2962AA9A26D009E4EE4 /* ContentView.swift */; };
		4C1FB2992AA9A270009E4EE4 /* Assets.xcassets in Resources */ = {isa = PBXBuildFile; fileRef = 4C1FB2982AA9A270009E4EE4 /* Assets.xcassets */; };
		4C1FB29C2AA9A270009E4EE4 /* Preview Assets.xcassets in Resources */ = {isa = PBXBuildFile; fileRef = 4C1FB29B2AA9A270009E4EE4 /* Preview Assets.xcassets */; };
		4C1FB2A72AA9C53D009E4EE4 /* DetermineResponse.swift in Sources */ = {isa = PBXBuildFile; fileRef = 4C1FB2A62AA9C53D009E4EE4 /* DetermineResponse.swift */; };
		4C1FB2A92AA9C6F0009E4EE4 /* LiveScoreViewModel.swift in Sources */ = {isa = PBXBuildFile; fileRef = 4C1FB2A82AA9C6F0009E4EE4 /* LiveScoreViewModel.swift */; };
		4C1FB2AC2AA9CECA009E4EE4 /* HeaderView.swift in Sources */ = {isa = PBXBuildFile; fileRef = 4C1FB2AB2AA9CECA009E4EE4 /* HeaderView.swift */; };
		4C1FB2AE2AA9CF13009E4EE4 /* EndPoint.swift in Sources */ = {isa = PBXBuildFile; fileRef = 4C1FB2AD2AA9CF13009E4EE4 /* EndPoint.swift */; };
		4C1FB2B02AA9D00F009E4EE4 /* URLComponentService.swift in Sources */ = {isa = PBXBuildFile; fileRef = 4C1FB2AF2AA9D00F009E4EE4 /* URLComponentService.swift */; };
		4C1FB2B22AA9D0E9009E4EE4 /* URLSessionService.swift in Sources */ = {isa = PBXBuildFile; fileRef = 4C1FB2B12AA9D0E9009E4EE4 /* URLSessionService.swift */; };
		4C1FB2B42AA9D154009E4EE4 /* URLRequestService.swift in Sources */ = {isa = PBXBuildFile; fileRef = 4C1FB2B32AA9D154009E4EE4 /* URLRequestService.swift */; };
		4C1FB2B62AA9DBB5009E4EE4 /* LiveScoreItemView.swift in Sources */ = {isa = PBXBuildFile; fileRef = 4C1FB2B52AA9DBB5009E4EE4 /* LiveScoreItemView.swift */; };
		4C203FD92AAAE6D500A7FEB7 /* LiveScoreView.swift in Sources */ = {isa = PBXBuildFile; fileRef = 4C203FD82AAAE6D500A7FEB7 /* LiveScoreView.swift */; };
		4CE19D4B2AAAE9B10065CC34 /* Ignore.swift in Sources */ = {isa = PBXBuildFile; fileRef = 4CE19D4A2AAAE9B10065CC34 /* Ignore.swift */; };
		4CE19D4E2AAAF21D0065CC34 /* NewsResponse.swift in Sources */ = {isa = PBXBuildFile; fileRef = 4CE19D4D2AAAF21D0065CC34 /* NewsResponse.swift */; };
		4CE19D512AAAF2600065CC34 /* NewsView.swift in Sources */ = {isa = PBXBuildFile; fileRef = 4CE19D502AAAF2600065CC34 /* NewsView.swift */; };
		4CE19D532AAAF2830065CC34 /* NewsItemView.swift in Sources */ = {isa = PBXBuildFile; fileRef = 4CE19D522AAAF2830065CC34 /* NewsItemView.swift */; };
		4CE19D562AAAF3F60065CC34 /* NewsViewModel.swift in Sources */ = {isa = PBXBuildFile; fileRef = 4CE19D552AAAF3F60065CC34 /* NewsViewModel.swift */; };
		4CE19D592AAB15C60065CC34 /* SDWebImageSwiftUI in Frameworks */ = {isa = PBXBuildFile; productRef = 4CE19D582AAB15C60065CC34 /* SDWebImageSwiftUI */; };
		4CE19D5D2AAB233B0065CC34 /* NewsDetailView.swift in Sources */ = {isa = PBXBuildFile; fileRef = 4CE19D5C2AAB233B0065CC34 /* NewsDetailView.swift */; };
		4CE19D602AAB2D810065CC34 /* HighlightView.swift in Sources */ = {isa = PBXBuildFile; fileRef = 4CE19D5F2AAB2D810065CC34 /* HighlightView.swift */; };
		4CE19D622AAB2D990065CC34 /* HighlightItemView.swift in Sources */ = {isa = PBXBuildFile; fileRef = 4CE19D612AAB2D990065CC34 /* HighlightItemView.swift */; };
		4CE19D642AAB2DA30065CC34 /* HighlightDetailView.swift in Sources */ = {isa = PBXBuildFile; fileRef = 4CE19D632AAB2DA30065CC34 /* HighlightDetailView.swift */; };
		4CF66A672AAF1092001BA6F3 /* HighlightResponse.swift in Sources */ = {isa = PBXBuildFile; fileRef = 4CF66A662AAF1092001BA6F3 /* HighlightResponse.swift */; };
		4CF66A692AAF10C8001BA6F3 /* HighlightViewModel.swift in Sources */ = {isa = PBXBuildFile; fileRef = 4CF66A682AAF10C8001BA6F3 /* HighlightViewModel.swift */; };
		4CF66A6B2AAF2888001BA6F3 /* Video.swift in Sources */ = {isa = PBXBuildFile; fileRef = 4CF66A6A2AAF2888001BA6F3 /* Video.swift */; };
/* End PBXBuildFile section */

/* Begin PBXFileReference section */
		4C1FB2912AA9A26D009E4EE4 /* BallGuru.app */ = {isa = PBXFileReference; explicitFileType = wrapper.application; includeInIndex = 0; path = BallGuru.app; sourceTree = BUILT_PRODUCTS_DIR; };
		4C1FB2942AA9A26D009E4EE4 /* BallGuruApp.swift */ = {isa = PBXFileReference; lastKnownFileType = sourcecode.swift; path = BallGuruApp.swift; sourceTree = "<group>"; };
		4C1FB2962AA9A26D009E4EE4 /* ContentView.swift */ = {isa = PBXFileReference; lastKnownFileType = sourcecode.swift; path = ContentView.swift; sourceTree = "<group>"; };
		4C1FB2982AA9A270009E4EE4 /* Assets.xcassets */ = {isa = PBXFileReference; lastKnownFileType = folder.assetcatalog; path = Assets.xcassets; sourceTree = "<group>"; };
		4C1FB29B2AA9A270009E4EE4 /* Preview Assets.xcassets */ = {isa = PBXFileReference; lastKnownFileType = folder.assetcatalog; path = "Preview Assets.xcassets"; sourceTree = "<group>"; };
		4C1FB2A62AA9C53D009E4EE4 /* DetermineResponse.swift */ = {isa = PBXFileReference; lastKnownFileType = sourcecode.swift; path = DetermineResponse.swift; sourceTree = "<group>"; };
		4C1FB2A82AA9C6F0009E4EE4 /* LiveScoreViewModel.swift */ = {isa = PBXFileReference; lastKnownFileType = sourcecode.swift; path = LiveScoreViewModel.swift; sourceTree = "<group>"; };
		4C1FB2AB2AA9CECA009E4EE4 /* HeaderView.swift */ = {isa = PBXFileReference; lastKnownFileType = sourcecode.swift; path = HeaderView.swift; sourceTree = "<group>"; };
		4C1FB2AD2AA9CF13009E4EE4 /* EndPoint.swift */ = {isa = PBXFileReference; lastKnownFileType = sourcecode.swift; path = EndPoint.swift; sourceTree = "<group>"; };
		4C1FB2AF2AA9D00F009E4EE4 /* URLComponentService.swift */ = {isa = PBXFileReference; lastKnownFileType = sourcecode.swift; path = URLComponentService.swift; sourceTree = "<group>"; };
		4C1FB2B12AA9D0E9009E4EE4 /* URLSessionService.swift */ = {isa = PBXFileReference; lastKnownFileType = sourcecode.swift; path = URLSessionService.swift; sourceTree = "<group>"; };
		4C1FB2B32AA9D154009E4EE4 /* URLRequestService.swift */ = {isa = PBXFileReference; lastKnownFileType = sourcecode.swift; path = URLRequestService.swift; sourceTree = "<group>"; };
		4C1FB2B52AA9DBB5009E4EE4 /* LiveScoreItemView.swift */ = {isa = PBXFileReference; lastKnownFileType = sourcecode.swift; path = LiveScoreItemView.swift; sourceTree = "<group>"; };
		4C203FD82AAAE6D500A7FEB7 /* LiveScoreView.swift */ = {isa = PBXFileReference; lastKnownFileType = sourcecode.swift; path = LiveScoreView.swift; sourceTree = "<group>"; };
		4CE19D4A2AAAE9B10065CC34 /* Ignore.swift */ = {isa = PBXFileReference; lastKnownFileType = sourcecode.swift; path = Ignore.swift; sourceTree = "<group>"; };
		4CE19D4D2AAAF21D0065CC34 /* NewsResponse.swift */ = {isa = PBXFileReference; lastKnownFileType = sourcecode.swift; path = NewsResponse.swift; sourceTree = "<group>"; };
		4CE19D502AAAF2600065CC34 /* NewsView.swift */ = {isa = PBXFileReference; lastKnownFileType = sourcecode.swift; path = NewsView.swift; sourceTree = "<group>"; };
		4CE19D522AAAF2830065CC34 /* NewsItemView.swift */ = {isa = PBXFileReference; lastKnownFileType = sourcecode.swift; path = NewsItemView.swift; sourceTree = "<group>"; };
		4CE19D552AAAF3F60065CC34 /* NewsViewModel.swift */ = {isa = PBXFileReference; lastKnownFileType = sourcecode.swift; path = NewsViewModel.swift; sourceTree = "<group>"; };
		4CE19D5C2AAB233B0065CC34 /* NewsDetailView.swift */ = {isa = PBXFileReference; lastKnownFileType = sourcecode.swift; path = NewsDetailView.swift; sourceTree = "<group>"; };
		4CE19D5F2AAB2D810065CC34 /* HighlightView.swift */ = {isa = PBXFileReference; lastKnownFileType = sourcecode.swift; path = HighlightView.swift; sourceTree = "<group>"; };
		4CE19D612AAB2D990065CC34 /* HighlightItemView.swift */ = {isa = PBXFileReference; lastKnownFileType = sourcecode.swift; path = HighlightItemView.swift; sourceTree = "<group>"; };
		4CE19D632AAB2DA30065CC34 /* HighlightDetailView.swift */ = {isa = PBXFileReference; lastKnownFileType = sourcecode.swift; path = HighlightDetailView.swift; sourceTree = "<group>"; };
		4CF66A662AAF1092001BA6F3 /* HighlightResponse.swift */ = {isa = PBXFileReference; lastKnownFileType = sourcecode.swift; path = HighlightResponse.swift; sourceTree = "<group>"; };
		4CF66A682AAF10C8001BA6F3 /* HighlightViewModel.swift */ = {isa = PBXFileReference; lastKnownFileType = sourcecode.swift; path = HighlightViewModel.swift; sourceTree = "<group>"; };
		4CF66A6A2AAF2888001BA6F3 /* Video.swift */ = {isa = PBXFileReference; lastKnownFileType = sourcecode.swift; path = Video.swift; sourceTree = "<group>"; };
/* End PBXFileReference section */

/* Begin PBXFrameworksBuildPhase section */
		4C1FB28E2AA9A26D009E4EE4 /* Frameworks */ = {
			isa = PBXFrameworksBuildPhase;
			buildActionMask = 2147483647;
			files = (
				4CE19D592AAB15C60065CC34 /* SDWebImageSwiftUI in Frameworks */,
			);
			runOnlyForDeploymentPostprocessing = 0;
		};
/* End PBXFrameworksBuildPhase section */

/* Begin PBXGroup section */
		4C1FB2882AA9A26D009E4EE4 = {
			isa = PBXGroup;
			children = (
				4CF66A6A2AAF2888001BA6F3 /* Video.swift */,
				4C1FB2932AA9A26D009E4EE4 /* BallGuru */,
				4C1FB2922AA9A26D009E4EE4 /* Products */,
			);
			sourceTree = "<group>";
		};
		4C1FB2922AA9A26D009E4EE4 /* Products */ = {
			isa = PBXGroup;
			children = (
				4C1FB2912AA9A26D009E4EE4 /* BallGuru.app */,
			);
			name = Products;
			sourceTree = "<group>";
		};
		4C1FB2932AA9A26D009E4EE4 /* BallGuru */ = {
			isa = PBXGroup;
			children = (
				4CE19D542AAAF3EB0065CC34 /* ViewModel */,
				4CE19D4C2AAAF2140065CC34 /* Response */,
				4CE19D492AAAE9A10065CC34 /* Utils */,
				4C1FB2AA2AA9CEB8009E4EE4 /* View */,
				4C1FB2942AA9A26D009E4EE4 /* BallGuruApp.swift */,
				4C1FB2982AA9A270009E4EE4 /* Assets.xcassets */,
				4C1FB29A2AA9A270009E4EE4 /* Preview Content */,
				4C1FB2A62AA9C53D009E4EE4 /* DetermineResponse.swift */,
				4C1FB2AD2AA9CF13009E4EE4 /* EndPoint.swift */,
				4C1FB2AF2AA9D00F009E4EE4 /* URLComponentService.swift */,
				4C1FB2B12AA9D0E9009E4EE4 /* URLSessionService.swift */,
				4C1FB2B32AA9D154009E4EE4 /* URLRequestService.swift */,
			);
			path = BallGuru;
			sourceTree = "<group>";
		};
		4C1FB29A2AA9A270009E4EE4 /* Preview Content */ = {
			isa = PBXGroup;
			children = (
				4C1FB29B2AA9A270009E4EE4 /* Preview Assets.xcassets */,
			);
			path = "Preview Content";
			sourceTree = "<group>";
		};
		4C1FB2AA2AA9CEB8009E4EE4 /* View */ = {
			isa = PBXGroup;
			children = (
				4CE19D5E2AAB2D650065CC34 /* HighlightView */,
				4CE19D4F2AAAF24C0065CC34 /* NewsView */,
				4C203FD72AAAE6B500A7FEB7 /* LiveScoreView */,
				4C1FB2962AA9A26D009E4EE4 /* ContentView.swift */,
				4C1FB2AB2AA9CECA009E4EE4 /* HeaderView.swift */,
			);
			path = View;
			sourceTree = "<group>";
		};
		4C203FD72AAAE6B500A7FEB7 /* LiveScoreView */ = {
			isa = PBXGroup;
			children = (
				4C1FB2B52AA9DBB5009E4EE4 /* LiveScoreItemView.swift */,
				4C203FD82AAAE6D500A7FEB7 /* LiveScoreView.swift */,
			);
			path = LiveScoreView;
			sourceTree = "<group>";
		};
		4CE19D492AAAE9A10065CC34 /* Utils */ = {
			isa = PBXGroup;
			children = (
				4CE19D4A2AAAE9B10065CC34 /* Ignore.swift */,
			);
			path = Utils;
			sourceTree = "<group>";
		};
		4CE19D4C2AAAF2140065CC34 /* Response */ = {
			isa = PBXGroup;
			children = (
				4CE19D4D2AAAF21D0065CC34 /* NewsResponse.swift */,
				4CF66A662AAF1092001BA6F3 /* HighlightResponse.swift */,
			);
			path = Response;
			sourceTree = "<group>";
		};
		4CE19D4F2AAAF24C0065CC34 /* NewsView */ = {
			isa = PBXGroup;
			children = (
				4CE19D502AAAF2600065CC34 /* NewsView.swift */,
				4CE19D522AAAF2830065CC34 /* NewsItemView.swift */,
				4CE19D5C2AAB233B0065CC34 /* NewsDetailView.swift */,
			);
			path = NewsView;
			sourceTree = "<group>";
		};
		4CE19D542AAAF3EB0065CC34 /* ViewModel */ = {
			isa = PBXGroup;
			children = (
				4CE19D552AAAF3F60065CC34 /* NewsViewModel.swift */,
				4C1FB2A82AA9C6F0009E4EE4 /* LiveScoreViewModel.swift */,
				4CF66A682AAF10C8001BA6F3 /* HighlightViewModel.swift */,
			);
			path = ViewModel;
			sourceTree = "<group>";
		};
		4CE19D5E2AAB2D650065CC34 /* HighlightView */ = {
			isa = PBXGroup;
			children = (
				4CE19D5F2AAB2D810065CC34 /* HighlightView.swift */,
				4CE19D612AAB2D990065CC34 /* HighlightItemView.swift */,
				4CE19D632AAB2DA30065CC34 /* HighlightDetailView.swift */,
			);
			path = HighlightView;
			sourceTree = "<group>";
		};
/* End PBXGroup section */

/* Begin PBXNativeTarget section */
		4C1FB2902AA9A26D009E4EE4 /* BallGuru */ = {
			isa = PBXNativeTarget;
			buildConfigurationList = 4C1FB29F2AA9A270009E4EE4 /* Build configuration list for PBXNativeTarget "BallGuru" */;
			buildPhases = (
				4C1FB28D2AA9A26D009E4EE4 /* Sources */,
				4C1FB28E2AA9A26D009E4EE4 /* Frameworks */,
				4C1FB28F2AA9A26D009E4EE4 /* Resources */,
			);
			buildRules = (
			);
			dependencies = (
			);
			name = BallGuru;
			packageProductDependencies = (
				4CE19D582AAB15C60065CC34 /* SDWebImageSwiftUI */,
			);
			productName = BallGuru;
			productReference = 4C1FB2912AA9A26D009E4EE4 /* BallGuru.app */;
			productType = "com.apple.product-type.application";
		};
/* End PBXNativeTarget section */

/* Begin PBXProject section */
		4C1FB2892AA9A26D009E4EE4 /* Project object */ = {
			isa = PBXProject;
			attributes = {
				BuildIndependentTargetsInParallel = 1;
				LastSwiftUpdateCheck = 1430;
				LastUpgradeCheck = 1430;
				TargetAttributes = {
					4C1FB2902AA9A26D009E4EE4 = {
						CreatedOnToolsVersion = 14.3;
					};
				};
			};
			buildConfigurationList = 4C1FB28C2AA9A26D009E4EE4 /* Build configuration list for PBXProject "BallGuru" */;
			compatibilityVersion = "Xcode 14.0";
			developmentRegion = en;
			hasScannedForEncodings = 0;
			knownRegions = (
				en,
				Base,
			);
			mainGroup = 4C1FB2882AA9A26D009E4EE4;
			packageReferences = (
				4CE19D572AAB15C60065CC34 /* XCRemoteSwiftPackageReference "SDWebImageSwiftUI" */,
			);
			productRefGroup = 4C1FB2922AA9A26D009E4EE4 /* Products */;
			projectDirPath = "";
			projectRoot = "";
			targets = (
				4C1FB2902AA9A26D009E4EE4 /* BallGuru */,
			);
		};
/* End PBXProject section */

/* Begin PBXResourcesBuildPhase section */
		4C1FB28F2AA9A26D009E4EE4 /* Resources */ = {
			isa = PBXResourcesBuildPhase;
			buildActionMask = 2147483647;
			files = (
				4C1FB29C2AA9A270009E4EE4 /* Preview Assets.xcassets in Resources */,
				4C1FB2992AA9A270009E4EE4 /* Assets.xcassets in Resources */,
			);
			runOnlyForDeploymentPostprocessing = 0;
		};
/* End PBXResourcesBuildPhase section */

/* Begin PBXSourcesBuildPhase section */
		4C1FB28D2AA9A26D009E4EE4 /* Sources */ = {
			isa = PBXSourcesBuildPhase;
			buildActionMask = 2147483647;
			files = (
				4CE19D622AAB2D990065CC34 /* HighlightItemView.swift in Sources */,
				4CF66A692AAF10C8001BA6F3 /* HighlightViewModel.swift in Sources */,
				4C1FB2AC2AA9CECA009E4EE4 /* HeaderView.swift in Sources */,
				4CF66A672AAF1092001BA6F3 /* HighlightResponse.swift in Sources */,
				4C1FB2A92AA9C6F0009E4EE4 /* LiveScoreViewModel.swift in Sources */,
				4C1FB2B02AA9D00F009E4EE4 /* URLComponentService.swift in Sources */,
				4CE19D512AAAF2600065CC34 /* NewsView.swift in Sources */,
				4C1FB2B62AA9DBB5009E4EE4 /* LiveScoreItemView.swift in Sources */,
				4CE19D532AAAF2830065CC34 /* NewsItemView.swift in Sources */,
				4C1FB2972AA9A26D009E4EE4 /* ContentView.swift in Sources */,
				4CE19D562AAAF3F60065CC34 /* NewsViewModel.swift in Sources */,
				4C1FB2952AA9A26D009E4EE4 /* BallGuruApp.swift in Sources */,
				4CF66A6B2AAF2888001BA6F3 /* Video.swift in Sources */,
				4C1FB2B22AA9D0E9009E4EE4 /* URLSessionService.swift in Sources */,
				4CE19D5D2AAB233B0065CC34 /* NewsDetailView.swift in Sources */,
				4CE19D4E2AAAF21D0065CC34 /* NewsResponse.swift in Sources */,
				4C203FD92AAAE6D500A7FEB7 /* LiveScoreView.swift in Sources */,
				4C1FB2B42AA9D154009E4EE4 /* URLRequestService.swift in Sources */,
				4C1FB2AE2AA9CF13009E4EE4 /* EndPoint.swift in Sources */,
				4CE19D602AAB2D810065CC34 /* HighlightView.swift in Sources */,
				4C1FB2A72AA9C53D009E4EE4 /* DetermineResponse.swift in Sources */,
				4CE19D642AAB2DA30065CC34 /* HighlightDetailView.swift in Sources */,
				4CE19D4B2AAAE9B10065CC34 /* Ignore.swift in Sources */,
			);
			runOnlyForDeploymentPostprocessing = 0;
		};
/* End PBXSourcesBuildPhase section */

/* Begin XCBuildConfiguration section */
		4C1FB29D2AA9A270009E4EE4 /* Debug */ = {
			isa = XCBuildConfiguration;
			buildSettings = {
				ALWAYS_SEARCH_USER_PATHS = NO;
				CLANG_ANALYZER_NONNULL = YES;
				CLANG_ANALYZER_NUMBER_OBJECT_CONVERSION = YES_AGGRESSIVE;
				CLANG_CXX_LANGUAGE_STANDARD = "gnu++20";
				CLANG_ENABLE_MODULES = YES;
				CLANG_ENABLE_OBJC_ARC = YES;
				CLANG_ENABLE_OBJC_WEAK = YES;
				CLANG_WARN_BLOCK_CAPTURE_AUTORELEASING = YES;
				CLANG_WARN_BOOL_CONVERSION = YES;
				CLANG_WARN_COMMA = YES;
				CLANG_WARN_CONSTANT_CONVERSION = YES;
				CLANG_WARN_DEPRECATED_OBJC_IMPLEMENTATIONS = YES;
				CLANG_WARN_DIRECT_OBJC_ISA_USAGE = YES_ERROR;
				CLANG_WARN_DOCUMENTATION_COMMENTS = YES;
				CLANG_WARN_EMPTY_BODY = YES;
				CLANG_WARN_ENUM_CONVERSION = YES;
				CLANG_WARN_INFINITE_RECURSION = YES;
				CLANG_WARN_INT_CONVERSION = YES;
				CLANG_WARN_NON_LITERAL_NULL_CONVERSION = YES;
				CLANG_WARN_OBJC_IMPLICIT_RETAIN_SELF = YES;
				CLANG_WARN_OBJC_LITERAL_CONVERSION = YES;
				CLANG_WARN_OBJC_ROOT_CLASS = YES_ERROR;
				CLANG_WARN_QUOTED_INCLUDE_IN_FRAMEWORK_HEADER = YES;
				CLANG_WARN_RANGE_LOOP_ANALYSIS = YES;
				CLANG_WARN_STRICT_PROTOTYPES = YES;
				CLANG_WARN_SUSPICIOUS_MOVE = YES;
				CLANG_WARN_UNGUARDED_AVAILABILITY = YES_AGGRESSIVE;
				CLANG_WARN_UNREACHABLE_CODE = YES;
				CLANG_WARN__DUPLICATE_METHOD_MATCH = YES;
				COPY_PHASE_STRIP = NO;
				DEBUG_INFORMATION_FORMAT = dwarf;
				ENABLE_STRICT_OBJC_MSGSEND = YES;
				ENABLE_TESTABILITY = YES;
				GCC_C_LANGUAGE_STANDARD = gnu11;
				GCC_DYNAMIC_NO_PIC = NO;
				GCC_NO_COMMON_BLOCKS = YES;
				GCC_OPTIMIZATION_LEVEL = 0;
				GCC_PREPROCESSOR_DEFINITIONS = (
					"DEBUG=1",
					"$(inherited)",
				);
				GCC_WARN_64_TO_32_BIT_CONVERSION = YES;
				GCC_WARN_ABOUT_RETURN_TYPE = YES_ERROR;
				GCC_WARN_UNDECLARED_SELECTOR = YES;
				GCC_WARN_UNINITIALIZED_AUTOS = YES_AGGRESSIVE;
				GCC_WARN_UNUSED_FUNCTION = YES;
				GCC_WARN_UNUSED_VARIABLE = YES;
				IPHONEOS_DEPLOYMENT_TARGET = 16.4;
				MTL_ENABLE_DEBUG_INFO = INCLUDE_SOURCE;
				MTL_FAST_MATH = YES;
				ONLY_ACTIVE_ARCH = YES;
				SDKROOT = iphoneos;
				SWIFT_ACTIVE_COMPILATION_CONDITIONS = DEBUG;
				SWIFT_OPTIMIZATION_LEVEL = "-Onone";
			};
			name = Debug;
		};
		4C1FB29E2AA9A270009E4EE4 /* Release */ = {
			isa = XCBuildConfiguration;
			buildSettings = {
				ALWAYS_SEARCH_USER_PATHS = NO;
				CLANG_ANALYZER_NONNULL = YES;
				CLANG_ANALYZER_NUMBER_OBJECT_CONVERSION = YES_AGGRESSIVE;
				CLANG_CXX_LANGUAGE_STANDARD = "gnu++20";
				CLANG_ENABLE_MODULES = YES;
				CLANG_ENABLE_OBJC_ARC = YES;
				CLANG_ENABLE_OBJC_WEAK = YES;
				CLANG_WARN_BLOCK_CAPTURE_AUTORELEASING = YES;
				CLANG_WARN_BOOL_CONVERSION = YES;
				CLANG_WARN_COMMA = YES;
				CLANG_WARN_CONSTANT_CONVERSION = YES;
				CLANG_WARN_DEPRECATED_OBJC_IMPLEMENTATIONS = YES;
				CLANG_WARN_DIRECT_OBJC_ISA_USAGE = YES_ERROR;
				CLANG_WARN_DOCUMENTATION_COMMENTS = YES;
				CLANG_WARN_EMPTY_BODY = YES;
				CLANG_WARN_ENUM_CONVERSION = YES;
				CLANG_WARN_INFINITE_RECURSION = YES;
				CLANG_WARN_INT_CONVERSION = YES;
				CLANG_WARN_NON_LITERAL_NULL_CONVERSION = YES;
				CLANG_WARN_OBJC_IMPLICIT_RETAIN_SELF = YES;
				CLANG_WARN_OBJC_LITERAL_CONVERSION = YES;
				CLANG_WARN_OBJC_ROOT_CLASS = YES_ERROR;
				CLANG_WARN_QUOTED_INCLUDE_IN_FRAMEWORK_HEADER = YES;
				CLANG_WARN_RANGE_LOOP_ANALYSIS = YES;
				CLANG_WARN_STRICT_PROTOTYPES = YES;
				CLANG_WARN_SUSPICIOUS_MOVE = YES;
				CLANG_WARN_UNGUARDED_AVAILABILITY = YES_AGGRESSIVE;
				CLANG_WARN_UNREACHABLE_CODE = YES;
				CLANG_WARN__DUPLICATE_METHOD_MATCH = YES;
				COPY_PHASE_STRIP = NO;
				DEBUG_INFORMATION_FORMAT = "dwarf-with-dsym";
				ENABLE_NS_ASSERTIONS = NO;
				ENABLE_STRICT_OBJC_MSGSEND = YES;
				GCC_C_LANGUAGE_STANDARD = gnu11;
				GCC_NO_COMMON_BLOCKS = YES;
				GCC_WARN_64_TO_32_BIT_CONVERSION = YES;
				GCC_WARN_ABOUT_RETURN_TYPE = YES_ERROR;
				GCC_WARN_UNDECLARED_SELECTOR = YES;
				GCC_WARN_UNINITIALIZED_AUTOS = YES_AGGRESSIVE;
				GCC_WARN_UNUSED_FUNCTION = YES;
				GCC_WARN_UNUSED_VARIABLE = YES;
				IPHONEOS_DEPLOYMENT_TARGET = 16.4;
				MTL_ENABLE_DEBUG_INFO = NO;
				MTL_FAST_MATH = YES;
				SDKROOT = iphoneos;
				SWIFT_COMPILATION_MODE = wholemodule;
				SWIFT_OPTIMIZATION_LEVEL = "-O";
				VALIDATE_PRODUCT = YES;
			};
			name = Release;
		};
		4C1FB2A02AA9A270009E4EE4 /* Debug */ = {
			isa = XCBuildConfiguration;
			buildSettings = {
				ASSETCATALOG_COMPILER_APPICON_NAME = AppIcon;
				ASSETCATALOG_COMPILER_GLOBAL_ACCENT_COLOR_NAME = AccentColor;
				CODE_SIGN_STYLE = Automatic;
				CURRENT_PROJECT_VERSION = 1;
				DEVELOPMENT_ASSET_PATHS = "\"BallGuru/Preview Content\"";
				DEVELOPMENT_TEAM = 6V2JYXN7HD;
				ENABLE_PREVIEWS = YES;
				GENERATE_INFOPLIST_FILE = YES;
				INFOPLIST_KEY_UIApplicationSceneManifest_Generation = YES;
				INFOPLIST_KEY_UIApplicationSupportsIndirectInputEvents = YES;
				INFOPLIST_KEY_UILaunchScreen_Generation = YES;
				INFOPLIST_KEY_UISupportedInterfaceOrientations_iPad = "UIInterfaceOrientationPortrait UIInterfaceOrientationPortraitUpsideDown UIInterfaceOrientationLandscapeLeft UIInterfaceOrientationLandscapeRight";
				INFOPLIST_KEY_UISupportedInterfaceOrientations_iPhone = "UIInterfaceOrientationPortrait UIInterfaceOrientationLandscapeLeft UIInterfaceOrientationLandscapeRight";
				LD_RUNPATH_SEARCH_PATHS = (
					"$(inherited)",
					"@executable_path/Frameworks",
				);
				MARKETING_VERSION = 1.0;
				PRODUCT_BUNDLE_IDENTIFIER = com.omega.BallGuru;
				PRODUCT_NAME = "$(TARGET_NAME)";
				SWIFT_EMIT_LOC_STRINGS = YES;
				SWIFT_VERSION = 5.0;
				TARGETED_DEVICE_FAMILY = "1,2";
			};
			name = Debug;
		};
		4C1FB2A12AA9A270009E4EE4 /* Release */ = {
			isa = XCBuildConfiguration;
			buildSettings = {
				ASSETCATALOG_COMPILER_APPICON_NAME = AppIcon;
				ASSETCATALOG_COMPILER_GLOBAL_ACCENT_COLOR_NAME = AccentColor;
				CODE_SIGN_STYLE = Automatic;
				CURRENT_PROJECT_VERSION = 1;
				DEVELOPMENT_ASSET_PATHS = "\"BallGuru/Preview Content\"";
				DEVELOPMENT_TEAM = 6V2JYXN7HD;
				ENABLE_PREVIEWS = YES;
				GENERATE_INFOPLIST_FILE = YES;
				INFOPLIST_KEY_UIApplicationSceneManifest_Generation = YES;
				INFOPLIST_KEY_UIApplicationSupportsIndirectInputEvents = YES;
				INFOPLIST_KEY_UILaunchScreen_Generation = YES;
				INFOPLIST_KEY_UISupportedInterfaceOrientations_iPad = "UIInterfaceOrientationPortrait UIInterfaceOrientationPortraitUpsideDown UIInterfaceOrientationLandscapeLeft UIInterfaceOrientationLandscapeRight";
				INFOPLIST_KEY_UISupportedInterfaceOrientations_iPhone = "UIInterfaceOrientationPortrait UIInterfaceOrientationLandscapeLeft UIInterfaceOrientationLandscapeRight";
				LD_RUNPATH_SEARCH_PATHS = (
					"$(inherited)",
					"@executable_path/Frameworks",
				);
				MARKETING_VERSION = 1.0;
				PRODUCT_BUNDLE_IDENTIFIER = com.omega.BallGuru;
				PRODUCT_NAME = "$(TARGET_NAME)";
				SWIFT_EMIT_LOC_STRINGS = YES;
				SWIFT_VERSION = 5.0;
				TARGETED_DEVICE_FAMILY = "1,2";
			};
			name = Release;
		};
/* End XCBuildConfiguration section */

/* Begin XCConfigurationList section */
		4C1FB28C2AA9A26D009E4EE4 /* Build configuration list for PBXProject "BallGuru" */ = {
			isa = XCConfigurationList;
			buildConfigurations = (
				4C1FB29D2AA9A270009E4EE4 /* Debug */,
				4C1FB29E2AA9A270009E4EE4 /* Release */,
			);
			defaultConfigurationIsVisible = 0;
			defaultConfigurationName = Release;
		};
		4C1FB29F2AA9A270009E4EE4 /* Build configuration list for PBXNativeTarget "BallGuru" */ = {
			isa = XCConfigurationList;
			buildConfigurations = (
				4C1FB2A02AA9A270009E4EE4 /* Debug */,
				4C1FB2A12AA9A270009E4EE4 /* Release */,
			);
			defaultConfigurationIsVisible = 0;
			defaultConfigurationName = Release;
		};
/* End XCConfigurationList section */

/* Begin XCRemoteSwiftPackageReference section */
		4CE19D572AAB15C60065CC34 /* XCRemoteSwiftPackageReference "SDWebImageSwiftUI" */ = {
			isa = XCRemoteSwiftPackageReference;
			repositoryURL = "https://github.com/SDWebImage/SDWebImageSwiftUI";
			requirement = {
				kind = upToNextMajorVersion;
				minimumVersion = 2.0.0;
			};
		};
/* End XCRemoteSwiftPackageReference section */

/* Begin XCSwiftPackageProductDependency section */
		4CE19D582AAB15C60065CC34 /* SDWebImageSwiftUI */ = {
			isa = XCSwiftPackageProductDependency;
			package = 4CE19D572AAB15C60065CC34 /* XCRemoteSwiftPackageReference "SDWebImageSwiftUI" */;
			productName = SDWebImageSwiftUI;
		};
/* End XCSwiftPackageProductDependency section */
	};
	rootObject = 4C1FB2892AA9A26D009E4EE4 /* Project object */;
}
